// !$*UTF8*$!
{
	archiveVersion = 1;
	classes = {
	};
	objectVersion = 55;
	objects = {

/* Begin PBXBuildFile section */
		EC46CBA02745B43900CCFCF0 /* LeeflettsApp.swift in Sources */ = {isa = PBXBuildFile; fileRef = EC46CB9F2745B43900CCFCF0 /* LeeflettsApp.swift */; };
		EC46CBA22745B43900CCFCF0 /* ContentView.swift in Sources */ = {isa = PBXBuildFile; fileRef = EC46CBA12745B43900CCFCF0 /* ContentView.swift */; };
		EC46CBA42745B43C00CCFCF0 /* Assets.xcassets in Resources */ = {isa = PBXBuildFile; fileRef = EC46CBA32745B43C00CCFCF0 /* Assets.xcassets */; };
		EC46CBA72745B43C00CCFCF0 /* Preview Assets.xcassets in Resources */ = {isa = PBXBuildFile; fileRef = EC46CBA62745B43C00CCFCF0 /* Preview Assets.xcassets */; };
		EC46CBA92745B43C00CCFCF0 /* Persistence.swift in Sources */ = {isa = PBXBuildFile; fileRef = EC46CBA82745B43C00CCFCF0 /* Persistence.swift */; };
		EC46CBAC2745B43C00CCFCF0 /* Leefletts.xcdatamodeld in Sources */ = {isa = PBXBuildFile; fileRef = EC46CBAA2745B43C00CCFCF0 /* Leefletts.xcdatamodeld */; };
		EC46CBB62745B43C00CCFCF0 /* LeeflettsTests.swift in Sources */ = {isa = PBXBuildFile; fileRef = EC46CBB52745B43C00CCFCF0 /* LeeflettsTests.swift */; };
		EC46CBC02745B43C00CCFCF0 /* LeeflettsUITests.swift in Sources */ = {isa = PBXBuildFile; fileRef = EC46CBBF2745B43C00CCFCF0 /* LeeflettsUITests.swift */; };
		EC46CBC22745B43C00CCFCF0 /* LeeflettsUITestsLaunchTests.swift in Sources */ = {isa = PBXBuildFile; fileRef = EC46CBC12745B43C00CCFCF0 /* LeeflettsUITestsLaunchTests.swift */; };
/* End PBXBuildFile section */

/* Begin PBXContainerItemProxy section */
		EC46CBB22745B43C00CCFCF0 /* PBXContainerItemProxy */ = {
			isa = PBXContainerItemProxy;
			containerPortal = EC46CB942745B43900CCFCF0 /* Project object */;
			proxyType = 1;
			remoteGlobalIDString = EC46CB9B2745B43900CCFCF0;
			remoteInfo = Leefletts;
		};
		EC46CBBC2745B43C00CCFCF0 /* PBXContainerItemProxy */ = {
			isa = PBXContainerItemProxy;
			containerPortal = EC46CB942745B43900CCFCF0 /* Project object */;
			proxyType = 1;
			remoteGlobalIDString = EC46CB9B2745B43900CCFCF0;
			remoteInfo = Leefletts;
		};
/* End PBXContainerItemProxy section */

/* Begin PBXFileReference section */
		EC46CB9C2745B43900CCFCF0 /* Leefletts.app */ = {isa = PBXFileReference; explicitFileType = wrapper.application; includeInIndex = 0; path = Leefletts.app; sourceTree = BUILT_PRODUCTS_DIR; };
		EC46CB9F2745B43900CCFCF0 /* LeeflettsApp.swift */ = {isa = PBXFileReference; lastKnownFileType = sourcecode.swift; path = LeeflettsApp.swift; sourceTree = "<group>"; };
		EC46CBA12745B43900CCFCF0 /* ContentView.swift */ = {isa = PBXFileReference; lastKnownFileType = sourcecode.swift; path = ContentView.swift; sourceTree = "<group>"; };
		EC46CBA32745B43C00CCFCF0 /* Assets.xcassets */ = {isa = PBXFileReference; lastKnownFileType = folder.assetcatalog; path = Assets.xcassets; sourceTree = "<group>"; };
		EC46CBA62745B43C00CCFCF0 /* Preview Assets.xcassets */ = {isa = PBXFileReference; lastKnownFileType = folder.assetcatalog; path = "Preview Assets.xcassets"; sourceTree = "<group>"; };
		EC46CBA82745B43C00CCFCF0 /* Persistence.swift */ = {isa = PBXFileReference; lastKnownFileType = sourcecode.swift; path = Persistence.swift; sourceTree = "<group>"; };
		EC46CBAB2745B43C00CCFCF0 /* Leefletts.xcdatamodel */ = {isa = PBXFileReference; lastKnownFileType = wrapper.xcdatamodel; path = Leefletts.xcdatamodel; sourceTree = "<group>"; };
		EC46CBB12745B43C00CCFCF0 /* LeeflettsTests.xctest */ = {isa = PBXFileReference; explicitFileType = wrapper.cfbundle; includeInIndex = 0; path = LeeflettsTests.xctest; sourceTree = BUILT_PRODUCTS_DIR; };
		EC46CBB52745B43C00CCFCF0 /* LeeflettsTests.swift */ = {isa = PBXFileReference; lastKnownFileType = sourcecode.swift; path = LeeflettsTests.swift; sourceTree = "<group>"; };
		EC46CBBB2745B43C00CCFCF0 /* LeeflettsUITests.xctest */ = {isa = PBXFileReference; explicitFileType = wrapper.cfbundle; includeInIndex = 0; path = LeeflettsUITests.xctest; sourceTree = BUILT_PRODUCTS_DIR; };
		EC46CBBF2745B43C00CCFCF0 /* LeeflettsUITests.swift */ = {isa = PBXFileReference; lastKnownFileType = sourcecode.swift; path = LeeflettsUITests.swift; sourceTree = "<group>"; };
		EC46CBC12745B43C00CCFCF0 /* LeeflettsUITestsLaunchTests.swift */ = {isa = PBXFileReference; lastKnownFileType = sourcecode.swift; path = LeeflettsUITestsLaunchTests.swift; sourceTree = "<group>"; };
/* End PBXFileReference section */

/* Begin PBXFrameworksBuildPhase section */
		EC46CB992745B43900CCFCF0 /* Frameworks */ = {
			isa = PBXFrameworksBuildPhase;
			buildActionMask = 2147483647;
			files = (
			);
			runOnlyForDeploymentPostprocessing = 0;
		};
		EC46CBAE2745B43C00CCFCF0 /* Frameworks */ = {
			isa = PBXFrameworksBuildPhase;
			buildActionMask = 2147483647;
			files = (
			);
			runOnlyForDeploymentPostprocessing = 0;
		};
		EC46CBB82745B43C00CCFCF0 /* Frameworks */ = {
			isa = PBXFrameworksBuildPhase;
			buildActionMask = 2147483647;
			files = (
			);
			runOnlyForDeploymentPostprocessing = 0;
		};
/* End PBXFrameworksBuildPhase section */

/* Begin PBXGroup section */
		EC46CB932745B43900CCFCF0 = {
			isa = PBXGroup;
			children = (
				EC46CB9E2745B43900CCFCF0 /* Leefletts */,
				EC46CBB42745B43C00CCFCF0 /* LeeflettsTests */,
				EC46CBBE2745B43C00CCFCF0 /* LeeflettsUITests */,
				EC46CB9D2745B43900CCFCF0 /* Products */,
			);
			sourceTree = "<group>";
		};
		EC46CB9D2745B43900CCFCF0 /* Products */ = {
			isa = PBXGroup;
			children = (
				EC46CB9C2745B43900CCFCF0 /* Leefletts.app */,
				EC46CBB12745B43C00CCFCF0 /* LeeflettsTests.xctest */,
				EC46CBBB2745B43C00CCFCF0 /* LeeflettsUITests.xctest */,
			);
			name = Products;
			sourceTree = "<group>";
		};
		EC46CB9E2745B43900CCFCF0 /* Leefletts */ = {
			isa = PBXGroup;
			children = (
				EC46CB9F2745B43900CCFCF0 /* LeeflettsApp.swift */,
				EC46CBA12745B43900CCFCF0 /* ContentView.swift */,
				EC46CBA32745B43C00CCFCF0 /* Assets.xcassets */,
				EC46CBA82745B43C00CCFCF0 /* Persistence.swift */,
				EC46CBAA2745B43C00CCFCF0 /* Leefletts.xcdatamodeld */,
				EC46CBA52745B43C00CCFCF0 /* Preview Content */,
			);
			path = Leefletts;
			sourceTree = "<group>";
		};
		EC46CBA52745B43C00CCFCF0 /* Preview Content */ = {
			isa = PBXGroup;
			children = (
				EC46CBA62745B43C00CCFCF0 /* Preview Assets.xcassets */,
			);
			path = "Preview Content";
			sourceTree = "<group>";
		};
		EC46CBB42745B43C00CCFCF0 /* LeeflettsTests */ = {
			isa = PBXGroup;
			children = (
				EC46CBB52745B43C00CCFCF0 /* LeeflettsTests.swift */,
			);
			path = LeeflettsTests;
			sourceTree = "<group>";
		};
		EC46CBBE2745B43C00CCFCF0 /* LeeflettsUITests */ = {
			isa = PBXGroup;
			children = (
				EC46CBBF2745B43C00CCFCF0 /* LeeflettsUITests.swift */,
				EC46CBC12745B43C00CCFCF0 /* LeeflettsUITestsLaunchTests.swift */,
			);
			path = LeeflettsUITests;
			sourceTree = "<group>";
		};
/* End PBXGroup section */

/* Begin PBXNativeTarget section */
		EC46CB9B2745B43900CCFCF0 /* Leefletts */ = {
			isa = PBXNativeTarget;
			buildConfigurationList = EC46CBC52745B43C00CCFCF0 /* Build configuration list for PBXNativeTarget "Leefletts" */;
			buildPhases = (
				EC46CB982745B43900CCFCF0 /* Sources */,
				EC46CB992745B43900CCFCF0 /* Frameworks */,
				EC46CB9A2745B43900CCFCF0 /* Resources */,
			);
			buildRules = (
			);
			dependencies = (
			);
			name = Leefletts;
			productName = Leefletts;
			productReference = EC46CB9C2745B43900CCFCF0 /* Leefletts.app */;
			productType = "com.apple.product-type.application";
		};
		EC46CBB02745B43C00CCFCF0 /* LeeflettsTests */ = {
			isa = PBXNativeTarget;
			buildConfigurationList = EC46CBC82745B43C00CCFCF0 /* Build configuration list for PBXNativeTarget "LeeflettsTests" */;
			buildPhases = (
				EC46CBAD2745B43C00CCFCF0 /* Sources */,
				EC46CBAE2745B43C00CCFCF0 /* Frameworks */,
				EC46CBAF2745B43C00CCFCF0 /* Resources */,
			);
			buildRules = (
			);
			dependencies = (
				EC46CBB32745B43C00CCFCF0 /* PBXTargetDependency */,
			);
			name = LeeflettsTests;
			productName = LeeflettsTests;
			productReference = EC46CBB12745B43C00CCFCF0 /* LeeflettsTests.xctest */;
			productType = "com.apple.product-type.bundle.unit-test";
		};
		EC46CBBA2745B43C00CCFCF0 /* LeeflettsUITests */ = {
			isa = PBXNativeTarget;
			buildConfigurationList = EC46CBCB2745B43C00CCFCF0 /* Build configuration list for PBXNativeTarget "LeeflettsUITests" */;
			buildPhases = (
				EC46CBB72745B43C00CCFCF0 /* Sources */,
				EC46CBB82745B43C00CCFCF0 /* Frameworks */,
				EC46CBB92745B43C00CCFCF0 /* Resources */,
			);
			buildRules = (
			);
			dependencies = (
				EC46CBBD2745B43C00CCFCF0 /* PBXTargetDependency */,
			);
			name = LeeflettsUITests;
			productName = LeeflettsUITests;
			productReference = EC46CBBB2745B43C00CCFCF0 /* LeeflettsUITests.xctest */;
			productType = "com.apple.product-type.bundle.ui-testing";
		};
/* End PBXNativeTarget section */

/* Begin PBXProject section */
		EC46CB942745B43900CCFCF0 /* Project object */ = {
			isa = PBXProject;
			attributes = {
				BuildIndependentTargetsInParallel = 1;
				LastSwiftUpdateCheck = 1310;
				LastUpgradeCheck = 1310;
				TargetAttributes = {
					EC46CB9B2745B43900CCFCF0 = {
						CreatedOnToolsVersion = 13.1;
					};
					EC46CBB02745B43C00CCFCF0 = {
						CreatedOnToolsVersion = 13.1;
						TestTargetID = EC46CB9B2745B43900CCFCF0;
					};
					EC46CBBA2745B43C00CCFCF0 = {
						CreatedOnToolsVersion = 13.1;
						TestTargetID = EC46CB9B2745B43900CCFCF0;
					};
				};
			};
			buildConfigurationList = EC46CB972745B43900CCFCF0 /* Build configuration list for PBXProject "Leefletts" */;
			compatibilityVersion = "Xcode 13.0";
			developmentRegion = en;
			hasScannedForEncodings = 0;
			knownRegions = (
				en,
				Base,
			);
			mainGroup = EC46CB932745B43900CCFCF0;
			productRefGroup = EC46CB9D2745B43900CCFCF0 /* Products */;
			projectDirPath = "";
			projectRoot = "";
			targets = (
				EC46CB9B2745B43900CCFCF0 /* Leefletts */,
				EC46CBB02745B43C00CCFCF0 /* LeeflettsTests */,
				EC46CBBA2745B43C00CCFCF0 /* LeeflettsUITests */,
			);
		};
/* End PBXProject section */

/* Begin PBXResourcesBuildPhase section */
		EC46CB9A2745B43900CCFCF0 /* Resources */ = {
			isa = PBXResourcesBuildPhase;
			buildActionMask = 2147483647;
			files = (
				EC46CBA72745B43C00CCFCF0 /* Preview Assets.xcassets in Resources */,
				EC46CBA42745B43C00CCFCF0 /* Assets.xcassets in Resources */,
			);
			runOnlyForDeploymentPostprocessing = 0;
		};
		EC46CBAF2745B43C00CCFCF0 /* Resources */ = {
			isa = PBXResourcesBuildPhase;
			buildActionMask = 2147483647;
			files = (
			);
			runOnlyForDeploymentPostprocessing = 0;
		};
		EC46CBB92745B43C00CCFCF0 /* Resources */ = {
			isa = PBXResourcesBuildPhase;
			buildActionMask = 2147483647;
			files = (
			);
			runOnlyForDeploymentPostprocessing = 0;
		};
/* End PBXResourcesBuildPhase section */

/* Begin PBXSourcesBuildPhase section */
		EC46CB982745B43900CCFCF0 /* Sources */ = {
			isa = PBXSourcesBuildPhase;
			buildActionMask = 2147483647;
			files = (
				EC46CBA92745B43C00CCFCF0 /* Persistence.swift in Sources */,
				EC46CBA22745B43900CCFCF0 /* ContentView.swift in Sources */,
				EC46CBAC2745B43C00CCFCF0 /* Leefletts.xcdatamodeld in Sources */,
				EC46CBA02745B43900CCFCF0 /* LeeflettsApp.swift in Sources */,
			);
			runOnlyForDeploymentPostprocessing = 0;
		};
		EC46CBAD2745B43C00CCFCF0 /* Sources */ = {
			isa = PBXSourcesBuildPhase;
			buildActionMask = 2147483647;
			files = (
				EC46CBB62745B43C00CCFCF0 /* LeeflettsTests.swift in Sources */,
			);
			runOnlyForDeploymentPostprocessing = 0;
		};
		EC46CBB72745B43C00CCFCF0 /* Sources */ = {
			isa = PBXSourcesBuildPhase;
			buildActionMask = 2147483647;
			files = (
				EC46CBC02745B43C00CCFCF0 /* LeeflettsUITests.swift in Sources */,
				EC46CBC22745B43C00CCFCF0 /* LeeflettsUITestsLaunchTests.swift in Sources */,
			);
			runOnlyForDeploymentPostprocessing = 0;
		};
/* End PBXSourcesBuildPhase section */

/* Begin PBXTargetDependency section */
		EC46CBB32745B43C00CCFCF0 /* PBXTargetDependency */ = {
			isa = PBXTargetDependency;
			target = EC46CB9B2745B43900CCFCF0 /* Leefletts */;
			targetProxy = EC46CBB22745B43C00CCFCF0 /* PBXContainerItemProxy */;
		};
		EC46CBBD2745B43C00CCFCF0 /* PBXTargetDependency */ = {
			isa = PBXTargetDependency;
			target = EC46CB9B2745B43900CCFCF0 /* Leefletts */;
			targetProxy = EC46CBBC2745B43C00CCFCF0 /* PBXContainerItemProxy */;
		};
/* End PBXTargetDependency section */

/* Begin XCBuildConfiguration section */
		EC46CBC32745B43C00CCFCF0 /* Debug */ = {
			isa = XCBuildConfiguration;
			buildSettings = {
				ALWAYS_SEARCH_USER_PATHS = NO;
				CLANG_ANALYZER_NONNULL = YES;
				CLANG_ANALYZER_NUMBER_OBJECT_CONVERSION = YES_AGGRESSIVE;
				CLANG_CXX_LANGUAGE_STANDARD = "gnu++17";
				CLANG_CXX_LIBRARY = "libc++";
				CLANG_ENABLE_MODULES = YES;
				CLANG_ENABLE_OBJC_ARC = YES;
				CLANG_ENABLE_OBJC_WEAK = YES;
				CLANG_WARN_BLOCK_CAPTURE_AUTORELEASING = YES;
				CLANG_WARN_BOOL_CONVERSION = YES;
				CLANG_WARN_COMMA = YES;
				CLANG_WARN_CONSTANT_CONVERSION = YES;
				CLANG_WARN_DEPRECATED_OBJC_IMPLEMENTATIONS = YES;
				CLANG_WARN_DIRECT_OBJC_ISA_USAGE = YES_ERROR;
				CLANG_WARN_DOCUMENTATION_COMMENTS = YES;
				CLANG_WARN_EMPTY_BODY = YES;
				CLANG_WARN_ENUM_CONVERSION = YES;
				CLANG_WARN_INFINITE_RECURSION = YES;
				CLANG_WARN_INT_CONVERSION = YES;
				CLANG_WARN_NON_LITERAL_NULL_CONVERSION = YES;
				CLANG_WARN_OBJC_IMPLICIT_RETAIN_SELF = YES;
				CLANG_WARN_OBJC_LITERAL_CONVERSION = YES;
				CLANG_WARN_OBJC_ROOT_CLASS = YES_ERROR;
				CLANG_WARN_QUOTED_INCLUDE_IN_FRAMEWORK_HEADER = YES;
				CLANG_WARN_RANGE_LOOP_ANALYSIS = YES;
				CLANG_WARN_STRICT_PROTOTYPES = YES;
				CLANG_WARN_SUSPICIOUS_MOVE = YES;
				CLANG_WARN_UNGUARDED_AVAILABILITY = YES_AGGRESSIVE;
				CLANG_WARN_UNREACHABLE_CODE = YES;
				CLANG_WARN__DUPLICATE_METHOD_MATCH = YES;
				COPY_PHASE_STRIP = NO;
				DEBUG_INFORMATION_FORMAT = dwarf;
				ENABLE_STRICT_OBJC_MSGSEND = YES;
				ENABLE_TESTABILITY = YES;
				GCC_C_LANGUAGE_STANDARD = gnu11;
				GCC_DYNAMIC_NO_PIC = NO;
				GCC_NO_COMMON_BLOCKS = YES;
				GCC_OPTIMIZATION_LEVEL = 0;
				GCC_PREPROCESSOR_DEFINITIONS = (
					"DEBUG=1",
					"$(inherited)",
				);
				GCC_WARN_64_TO_32_BIT_CONVERSION = YES;
				GCC_WARN_ABOUT_RETURN_TYPE = YES_ERROR;
				GCC_WARN_UNDECLARED_SELECTOR = YES;
				GCC_WARN_UNINITIALIZED_AUTOS = YES_AGGRESSIVE;
				GCC_WARN_UNUSED_FUNCTION = YES;
				GCC_WARN_UNUSED_VARIABLE = YES;
				IPHONEOS_DEPLOYMENT_TARGET = 15.0;
				MTL_ENABLE_DEBUG_INFO = INCLUDE_SOURCE;
				MTL_FAST_MATH = YES;
				ONLY_ACTIVE_ARCH = YES;
				SDKROOT = iphoneos;
				SWIFT_ACTIVE_COMPILATION_CONDITIONS = DEBUG;
				SWIFT_OPTIMIZATION_LEVEL = "-Onone";
			};
			name = Debug;
		};
		EC46CBC42745B43C00CCFCF0 /* Release */ = {
			isa = XCBuildConfiguration;
			buildSettings = {
				ALWAYS_SEARCH_USER_PATHS = NO;
				CLANG_ANALYZER_NONNULL = YES;
				CLANG_ANALYZER_NUMBER_OBJECT_CONVERSION = YES_AGGRESSIVE;
				CLANG_CXX_LANGUAGE_STANDARD = "gnu++17";
				CLANG_CXX_LIBRARY = "libc++";
				CLANG_ENABLE_MODULES = YES;
				CLANG_ENABLE_OBJC_ARC = YES;
				CLANG_ENABLE_OBJC_WEAK = YES;
				CLANG_WARN_BLOCK_CAPTURE_AUTORELEASING = YES;
				CLANG_WARN_BOOL_CONVERSION = YES;
				CLANG_WARN_COMMA = YES;
				CLANG_WARN_CONSTANT_CONVERSION = YES;
				CLANG_WARN_DEPRECATED_OBJC_IMPLEMENTATIONS = YES;
				CLANG_WARN_DIRECT_OBJC_ISA_USAGE = YES_ERROR;
				CLANG_WARN_DOCUMENTATION_COMMENTS = YES;
				CLANG_WARN_EMPTY_BODY = YES;
				CLANG_WARN_ENUM_CONVERSION = YES;
				CLANG_WARN_INFINITE_RECURSION = YES;
				CLANG_WARN_INT_CONVERSION = YES;
				CLANG_WARN_NON_LITERAL_NULL_CONVERSION = YES;
				CLANG_WARN_OBJC_IMPLICIT_RETAIN_SELF = YES;
				CLANG_WARN_OBJC_LITERAL_CONVERSION = YES;
				CLANG_WARN_OBJC_ROOT_CLASS = YES_ERROR;
				CLANG_WARN_QUOTED_INCLUDE_IN_FRAMEWORK_HEADER = YES;
				CLANG_WARN_RANGE_LOOP_ANALYSIS = YES;
				CLANG_WARN_STRICT_PROTOTYPES = YES;
				CLANG_WARN_SUSPICIOUS_MOVE = YES;
				CLANG_WARN_UNGUARDED_AVAILABILITY = YES_AGGRESSIVE;
				CLANG_WARN_UNREACHABLE_CODE = YES;
				CLANG_WARN__DUPLICATE_METHOD_MATCH = YES;
				COPY_PHASE_STRIP = NO;
				DEBUG_INFORMATION_FORMAT = "dwarf-with-dsym";
				ENABLE_NS_ASSERTIONS = NO;
				ENABLE_STRICT_OBJC_MSGSEND = YES;
				GCC_C_LANGUAGE_STANDARD = gnu11;
				GCC_NO_COMMON_BLOCKS = YES;
				GCC_WARN_64_TO_32_BIT_CONVERSION = YES;
				GCC_WARN_ABOUT_RETURN_TYPE = YES_ERROR;
				GCC_WARN_UNDECLARED_SELECTOR = YES;
				GCC_WARN_UNINITIALIZED_AUTOS = YES_AGGRESSIVE;
				GCC_WARN_UNUSED_FUNCTION = YES;
				GCC_WARN_UNUSED_VARIABLE = YES;
				IPHONEOS_DEPLOYMENT_TARGET = 15.0;
				MTL_ENABLE_DEBUG_INFO = NO;
				MTL_FAST_MATH = YES;
				SDKROOT = iphoneos;
				SWIFT_COMPILATION_MODE = wholemodule;
				SWIFT_OPTIMIZATION_LEVEL = "-O";
				VALIDATE_PRODUCT = YES;
			};
			name = Release;
		};
		EC46CBC62745B43C00CCFCF0 /* Debug */ = {
			isa = XCBuildConfiguration;
			buildSettings = {
				ASSETCATALOG_COMPILER_APPICON_NAME = AppIcon;
				ASSETCATALOG_COMPILER_GLOBAL_ACCENT_COLOR_NAME = AccentColor;
				CODE_SIGN_STYLE = Automatic;
				CURRENT_PROJECT_VERSION = 1;
				DEVELOPMENT_ASSET_PATHS = "\"Leefletts/Preview Content\"";
				DEVELOPMENT_TEAM = 7QAYF98LA4;
				ENABLE_PREVIEWS = YES;
				GENERATE_INFOPLIST_FILE = YES;
				INFOPLIST_KEY_UIApplicationSceneManifest_Generation = YES;
				INFOPLIST_KEY_UIApplicationSupportsIndirectInputEvents = YES;
				INFOPLIST_KEY_UILaunchScreen_Generation = YES;
				INFOPLIST_KEY_UISupportedInterfaceOrientations_iPad = "UIInterfaceOrientationPortrait UIInterfaceOrientationPortraitUpsideDown UIInterfaceOrientationLandscapeLeft UIInterfaceOrientationLandscapeRight";
				INFOPLIST_KEY_UISupportedInterfaceOrientations_iPhone = "UIInterfaceOrientationPortrait UIInterfaceOrientationLandscapeLeft UIInterfaceOrientationLandscapeRight";
				LD_RUNPATH_SEARCH_PATHS = (
					"$(inherited)",
					"@executable_path/Frameworks",
				);
				MARKETING_VERSION = 1.0;
				PRODUCT_BUNDLE_IDENTIFIER = aglegaspi.Leefletts;
				PRODUCT_NAME = "$(TARGET_NAME)";
				SWIFT_EMIT_LOC_STRINGS = YES;
				SWIFT_VERSION = 5.0;
				TARGETED_DEVICE_FAMILY = "1,2";
			};
			name = Debug;
		};
		EC46CBC72745B43C00CCFCF0 /* Release */ = {
			isa = XCBuildConfiguration;
			buildSettings = {
				ASSETCATALOG_COMPILER_APPICON_NAME = AppIcon;
				ASSETCATALOG_COMPILER_GLOBAL_ACCENT_COLOR_NAME = AccentColor;
				CODE_SIGN_STYLE = Automatic;
				CURRENT_PROJECT_VERSION = 1;
				DEVELOPMENT_ASSET_PATHS = "\"Leefletts/Preview Content\"";
				DEVELOPMENT_TEAM = 7QAYF98LA4;
				ENABLE_PREVIEWS = YES;
				GENERATE_INFOPLIST_FILE = YES;
				INFOPLIST_KEY_UIApplicationSceneManifest_Generation = YES;
				INFOPLIST_KEY_UIApplicationSupportsIndirectInputEvents = YES;
				INFOPLIST_KEY_UILaunchScreen_Generation = YES;
				INFOPLIST_KEY_UISupportedInterfaceOrientations_iPad = "UIInterfaceOrientationPortrait UIInterfaceOrientationPortraitUpsideDown UIInterfaceOrientationLandscapeLeft UIInterfaceOrientationLandscapeRight";
				INFOPLIST_KEY_UISupportedInterfaceOrientations_iPhone = "UIInterfaceOrientationPortrait UIInterfaceOrientationLandscapeLeft UIInterfaceOrientationLandscapeRight";
				LD_RUNPATH_SEARCH_PATHS = (
					"$(inherited)",
					"@executable_path/Frameworks",
				);
				MARKETING_VERSION = 1.0;
				PRODUCT_BUNDLE_IDENTIFIER = aglegaspi.Leefletts;
				PRODUCT_NAME = "$(TARGET_NAME)";
				SWIFT_EMIT_LOC_STRINGS = YES;
				SWIFT_VERSION = 5.0;
				TARGETED_DEVICE_FAMILY = "1,2";
			};
			name = Release;
		};
		EC46CBC92745B43C00CCFCF0 /* Debug */ = {
			isa = XCBuildConfiguration;
			buildSettings = {
				ALWAYS_EMBED_SWIFT_STANDARD_LIBRARIES = YES;
				BUNDLE_LOADER = "$(TEST_HOST)";
				CODE_SIGN_STYLE = Automatic;
				CURRENT_PROJECT_VERSION = 1;
				DEVELOPMENT_TEAM = 7QAYF98LA4;
				GENERATE_INFOPLIST_FILE = YES;
				IPHONEOS_DEPLOYMENT_TARGET = 15.0;
				LD_RUNPATH_SEARCH_PATHS = (
					"$(inherited)",
					"@executable_path/Frameworks",
					"@loader_path/Frameworks",
				);
				MARKETING_VERSION = 1.0;
				PRODUCT_BUNDLE_IDENTIFIER = aglegaspi.LeeflettsTests;
				PRODUCT_NAME = "$(TARGET_NAME)";
				SWIFT_EMIT_LOC_STRINGS = NO;
				SWIFT_VERSION = 5.0;
				TARGETED_DEVICE_FAMILY = "1,2";
				TEST_HOST = "$(BUILT_PRODUCTS_DIR)/Leefletts.app/Leefletts";
			};
			name = Debug;
		};
		EC46CBCA2745B43C00CCFCF0 /* Release */ = {
			isa = XCBuildConfiguration;
			buildSettings = {
				ALWAYS_EMBED_SWIFT_STANDARD_LIBRARIES = YES;
				BUNDLE_LOADER = "$(TEST_HOST)";
				CODE_SIGN_STYLE = Automatic;
				CURRENT_PROJECT_VERSION = 1;
				DEVELOPMENT_TEAM = 7QAYF98LA4;
				GENERATE_INFOPLIST_FILE = YES;
				IPHONEOS_DEPLOYMENT_TARGET = 15.0;
				LD_RUNPATH_SEARCH_PATHS = (
					"$(inherited)",
					"@executable_path/Frameworks",
					"@loader_path/Frameworks",
				);
				MARKETING_VERSION = 1.0;
				PRODUCT_BUNDLE_IDENTIFIER = aglegaspi.LeeflettsTests;
				PRODUCT_NAME = "$(TARGET_NAME)";
				SWIFT_EMIT_LOC_STRINGS = NO;
				SWIFT_VERSION = 5.0;
				TARGETED_DEVICE_FAMILY = "1,2";
				TEST_HOST = "$(BUILT_PRODUCTS_DIR)/Leefletts.app/Leefletts";
			};
			name = Release;
		};
		EC46CBCC2745B43C00CCFCF0 /* Debug */ = {
			isa = XCBuildConfiguration;
			buildSettings = {
				ALWAYS_EMBED_SWIFT_STANDARD_LIBRARIES = YES;
				CODE_SIGN_STYLE = Automatic;
				CURRENT_PROJECT_VERSION = 1;
				DEVELOPMENT_TEAM = 7QAYF98LA4;
				GENERATE_INFOPLIST_FILE = YES;
				LD_RUNPATH_SEARCH_PATHS = (
					"$(inherited)",
					"@executable_path/Frameworks",
					"@loader_path/Frameworks",
				);
				MARKETING_VERSION = 1.0;
				PRODUCT_BUNDLE_IDENTIFIER = aglegaspi.LeeflettsUITests;
				PRODUCT_NAME = "$(TARGET_NAME)";
				SWIFT_EMIT_LOC_STRINGS = NO;
				SWIFT_VERSION = 5.0;
				TARGETED_DEVICE_FAMILY = "1,2";
				TEST_TARGET_NAME = Leefletts;
			};
			name = Debug;
		};
		EC46CBCD2745B43C00CCFCF0 /* Release */ = {
			isa = XCBuildConfiguration;
			buildSettings = {
				ALWAYS_EMBED_SWIFT_STANDARD_LIBRARIES = YES;
				CODE_SIGN_STYLE = Automatic;
				CURRENT_PROJECT_VERSION = 1;
				DEVELOPMENT_TEAM = 7QAYF98LA4;
				GENERATE_INFOPLIST_FILE = YES;
				LD_RUNPATH_SEARCH_PATHS = (
					"$(inherited)",
					"@executable_path/Frameworks",
					"@loader_path/Frameworks",
				);
				MARKETING_VERSION = 1.0;
				PRODUCT_BUNDLE_IDENTIFIER = aglegaspi.LeeflettsUITests;
				PRODUCT_NAME = "$(TARGET_NAME)";
				SWIFT_EMIT_LOC_STRINGS = NO;
				SWIFT_VERSION = 5.0;
				TARGETED_DEVICE_FAMILY = "1,2";
				TEST_TARGET_NAME = Leefletts;
			};
			name = Release;
		};
/* End XCBuildConfiguration section */

/* Begin XCConfigurationList section */
		EC46CB972745B43900CCFCF0 /* Build configuration list for PBXProject "Leefletts" */ = {
			isa = XCConfigurationList;
			buildConfigurations = (
				EC46CBC32745B43C00CCFCF0 /* Debug */,
				EC46CBC42745B43C00CCFCF0 /* Release */,
			);
			defaultConfigurationIsVisible = 0;
			defaultConfigurationName = Release;
		};
		EC46CBC52745B43C00CCFCF0 /* Build configuration list for PBXNativeTarget "Leefletts" */ = {
			isa = XCConfigurationList;
			buildConfigurations = (
				EC46CBC62745B43C00CCFCF0 /* Debug */,
				EC46CBC72745B43C00CCFCF0 /* Release */,
			);
			defaultConfigurationIsVisible = 0;
			defaultConfigurationName = Release;
		};
		EC46CBC82745B43C00CCFCF0 /* Build configuration list for PBXNativeTarget "LeeflettsTests" */ = {
			isa = XCConfigurationList;
			buildConfigurations = (
				EC46CBC92745B43C00CCFCF0 /* Debug */,
				EC46CBCA2745B43C00CCFCF0 /* Release */,
			);
			defaultConfigurationIsVisible = 0;
			defaultConfigurationName = Release;
		};
		EC46CBCB2745B43C00CCFCF0 /* Build configuration list for PBXNativeTarget "LeeflettsUITests" */ = {
			isa = XCConfigurationList;
			buildConfigurations = (
				EC46CBCC2745B43C00CCFCF0 /* Debug */,
				EC46CBCD2745B43C00CCFCF0 /* Release */,
			);
			defaultConfigurationIsVisible = 0;
			defaultConfigurationName = Release;
		};
/* End XCConfigurationList section */

/* Begin XCVersionGroup section */
		EC46CBAA2745B43C00CCFCF0 /* Leefletts.xcdatamodeld */ = {
			isa = XCVersionGroup;
			children = (
				EC46CBAB2745B43C00CCFCF0 /* Leefletts.xcdatamodel */,
			);
			currentVersion = EC46CBAB2745B43C00CCFCF0 /* Leefletts.xcdatamodel */;
			path = Leefletts.xcdatamodeld;
			sourceTree = "<group>";
			versionGroupType = wrapper.xcdatamodel;
		};
/* End XCVersionGroup section */
	};
	rootObject = EC46CB942745B43900CCFCF0 /* Project object */;
}
